// !$*UTF8*$!
{
	archiveVersion = 1;
	classes = {
	};
	objectVersion = 55;
	objects = {

/* Begin PBXBuildFile section */
		DE034B3F28B074B4006289D2 /* yu_shop_catherineApp.swift in Sources */ = {isa = PBXBuildFile; fileRef = DE034B3E28B074B4006289D2 /* yu_shop_catherineApp.swift */; };
		DE034B4128B074B4006289D2 /* ContentView.swift in Sources */ = {isa = PBXBuildFile; fileRef = DE034B4028B074B4006289D2 /* ContentView.swift */; };
		DE034B4328B074B7006289D2 /* Assets.xcassets in Resources */ = {isa = PBXBuildFile; fileRef = DE034B4228B074B7006289D2 /* Assets.xcassets */; };
		DE034B4628B074B7006289D2 /* Preview Assets.xcassets in Resources */ = {isa = PBXBuildFile; fileRef = DE034B4528B074B7006289D2 /* Preview Assets.xcassets */; };
		DE713A5228B2728500F9E179 /* OnboardingModalView.swift in Sources */ = {isa = PBXBuildFile; fileRef = DE713A5128B2728500F9E179 /* OnboardingModalView.swift */; };
		DEE59BF428B3315F0095CDFE /* TextViews.swift in Sources */ = {isa = PBXBuildFile; fileRef = DEE59BF328B3315F0095CDFE /* TextViews.swift */; };
		DEE59BF628B3AB930095CDFE /* Constants.swift in Sources */ = {isa = PBXBuildFile; fileRef = DEE59BF528B3AB930095CDFE /* Constants.swift */; };
/* End PBXBuildFile section */

/* Begin PBXFileReference section */
		DE034B3B28B074B4006289D2 /* Yu Shop.app */ = {isa = PBXFileReference; explicitFileType = wrapper.application; includeInIndex = 0; path = "Yu Shop.app"; sourceTree = BUILT_PRODUCTS_DIR; };
		DE034B3E28B074B4006289D2 /* yu_shop_catherineApp.swift */ = {isa = PBXFileReference; lastKnownFileType = sourcecode.swift; path = yu_shop_catherineApp.swift; sourceTree = "<group>"; };
		DE034B4028B074B4006289D2 /* ContentView.swift */ = {isa = PBXFileReference; lastKnownFileType = sourcecode.swift; path = ContentView.swift; sourceTree = "<group>"; };
		DE034B4228B074B7006289D2 /* Assets.xcassets */ = {isa = PBXFileReference; lastKnownFileType = folder.assetcatalog; path = Assets.xcassets; sourceTree = "<group>"; };
		DE034B4528B074B7006289D2 /* Preview Assets.xcassets */ = {isa = PBXFileReference; lastKnownFileType = folder.assetcatalog; path = "Preview Assets.xcassets"; sourceTree = "<group>"; };
		DE713A5128B2728500F9E179 /* OnboardingModalView.swift */ = {isa = PBXFileReference; lastKnownFileType = sourcecode.swift; path = OnboardingModalView.swift; sourceTree = "<group>"; };
		DEE59BF328B3315F0095CDFE /* TextViews.swift */ = {isa = PBXFileReference; lastKnownFileType = sourcecode.swift; path = TextViews.swift; sourceTree = "<group>"; };
		DEE59BF528B3AB930095CDFE /* Constants.swift */ = {isa = PBXFileReference; lastKnownFileType = sourcecode.swift; path = Constants.swift; sourceTree = "<group>"; };
/* End PBXFileReference section */

/* Begin PBXFrameworksBuildPhase section */
		DE034B3828B074B4006289D2 /* Frameworks */ = {
			isa = PBXFrameworksBuildPhase;
			buildActionMask = 2147483647;
			files = (
			);
			runOnlyForDeploymentPostprocessing = 0;
		};
/* End PBXFrameworksBuildPhase section */

/* Begin PBXGroup section */
		DE034B3228B074B4006289D2 = {
			isa = PBXGroup;
			children = (
				DE034B3D28B074B4006289D2 /* yu-shop-catherine */,
				DE034B3C28B074B4006289D2 /* Products */,
			);
			sourceTree = "<group>";
		};
		DE034B3C28B074B4006289D2 /* Products */ = {
			isa = PBXGroup;
			children = (
				DE034B3B28B074B4006289D2 /* Yu Shop.app */,
			);
			name = Products;
			sourceTree = "<group>";
		};
		DE034B3D28B074B4006289D2 /* yu-shop-catherine */ = {
			isa = PBXGroup;
			children = (
				DE713A5128B2728500F9E179 /* OnboardingModalView.swift */,
				DE034B3E28B074B4006289D2 /* yu_shop_catherineApp.swift */,
				DEE59BF328B3315F0095CDFE /* TextViews.swift */,
				DEE59BF528B3AB930095CDFE /* Constants.swift */,
				DE034B4028B074B4006289D2 /* ContentView.swift */,
				DE034B4228B074B7006289D2 /* Assets.xcassets */,
				DE034B4428B074B7006289D2 /* Preview Content */,
			);
			path = "yu-shop-catherine";
			sourceTree = "<group>";
		};
		DE034B4428B074B7006289D2 /* Preview Content */ = {
			isa = PBXGroup;
			children = (
				DE034B4528B074B7006289D2 /* Preview Assets.xcassets */,
			);
			path = "Preview Content";
			sourceTree = "<group>";
		};
/* End PBXGroup section */

/* Begin PBXNativeTarget section */
		DE034B3A28B074B4006289D2 /* yu-shop-catherine */ = {
			isa = PBXNativeTarget;
			buildConfigurationList = DE034B4928B074B7006289D2 /* Build configuration list for PBXNativeTarget "yu-shop-catherine" */;
			buildPhases = (
				DE034B3728B074B4006289D2 /* Sources */,
				DE034B3828B074B4006289D2 /* Frameworks */,
				DE034B3928B074B4006289D2 /* Resources */,
			);
			buildRules = (
			);
			dependencies = (
			);
			name = "yu-shop-catherine";
			productName = "yu-shop-catherine";
			productReference = DE034B3B28B074B4006289D2 /* Yu Shop.app */;
			productType = "com.apple.product-type.application";
		};
/* End PBXNativeTarget section */

/* Begin PBXProject section */
		DE034B3328B074B4006289D2 /* Project object */ = {
			isa = PBXProject;
			attributes = {
				BuildIndependentTargetsInParallel = 1;
				LastSwiftUpdateCheck = 1340;
				LastUpgradeCheck = 1340;
				TargetAttributes = {
					DE034B3A28B074B4006289D2 = {
						CreatedOnToolsVersion = 13.4.1;
					};
				};
			};
			buildConfigurationList = DE034B3628B074B4006289D2 /* Build configuration list for PBXProject "yu-shop-catherine" */;
			compatibilityVersion = "Xcode 13.0";
			developmentRegion = en;
			hasScannedForEncodings = 0;
			knownRegions = (
				en,
				Base,
			);
			mainGroup = DE034B3228B074B4006289D2;
			productRefGroup = DE034B3C28B074B4006289D2 /* Products */;
			projectDirPath = "";
			projectRoot = "";
			targets = (
				DE034B3A28B074B4006289D2 /* yu-shop-catherine */,
			);
		};
/* End PBXProject section */

/* Begin PBXResourcesBuildPhase section */
		DE034B3928B074B4006289D2 /* Resources */ = {
			isa = PBXResourcesBuildPhase;
			buildActionMask = 2147483647;
			files = (
				DE034B4628B074B7006289D2 /* Preview Assets.xcassets in Resources */,
				DE034B4328B074B7006289D2 /* Assets.xcassets in Resources */,
			);
			runOnlyForDeploymentPostprocessing = 0;
		};
/* End PBXResourcesBuildPhase section */

/* Begin PBXSourcesBuildPhase section */
		DE034B3728B074B4006289D2 /* Sources */ = {
			isa = PBXSourcesBuildPhase;
			buildActionMask = 2147483647;
			files = (
				DE713A5228B2728500F9E179 /* OnboardingModalView.swift in Sources */,
				DEE59BF428B3315F0095CDFE /* TextViews.swift in Sources */,
				DE034B4128B074B4006289D2 /* ContentView.swift in Sources */,
				DE034B3F28B074B4006289D2 /* yu_shop_catherineApp.swift in Sources */,
				DEE59BF628B3AB930095CDFE /* Constants.swift in Sources */,
			);
			runOnlyForDeploymentPostprocessing = 0;
		};
/* End PBXSourcesBuildPhase section */

/* Begin XCBuildConfiguration section */
		DE034B4728B074B7006289D2 /* Debug */ = {
			isa = XCBuildConfiguration;
			buildSettings = {
				ALWAYS_SEARCH_USER_PATHS = NO;
				CLANG_ANALYZER_NONNULL = YES;
				CLANG_ANALYZER_NUMBER_OBJECT_CONVERSION = YES_AGGRESSIVE;
				CLANG_CXX_LANGUAGE_STANDARD = "gnu++17";
				CLANG_ENABLE_MODULES = YES;
				CLANG_ENABLE_OBJC_ARC = YES;
				CLANG_ENABLE_OBJC_WEAK = YES;
				CLANG_WARN_BLOCK_CAPTURE_AUTORELEASING = YES;
				CLANG_WARN_BOOL_CONVERSION = YES;
				CLANG_WARN_COMMA = YES;
				CLANG_WARN_CONSTANT_CONVERSION = YES;
				CLANG_WARN_DEPRECATED_OBJC_IMPLEMENTATIONS = YES;
				CLANG_WARN_DIRECT_OBJC_ISA_USAGE = YES_ERROR;
				CLANG_WARN_DOCUMENTATION_COMMENTS = YES;
				CLANG_WARN_EMPTY_BODY = YES;
				CLANG_WARN_ENUM_CONVERSION = YES;
				CLANG_WARN_INFINITE_RECURSION = YES;
				CLANG_WARN_INT_CONVERSION = YES;
				CLANG_WARN_NON_LITERAL_NULL_CONVERSION = YES;
				CLANG_WARN_OBJC_IMPLICIT_RETAIN_SELF = YES;
				CLANG_WARN_OBJC_LITERAL_CONVERSION = YES;
				CLANG_WARN_OBJC_ROOT_CLASS = YES_ERROR;
				CLANG_WARN_QUOTED_INCLUDE_IN_FRAMEWORK_HEADER = YES;
				CLANG_WARN_RANGE_LOOP_ANALYSIS = YES;
				CLANG_WARN_STRICT_PROTOTYPES = YES;
				CLANG_WARN_SUSPICIOUS_MOVE = YES;
				CLANG_WARN_UNGUARDED_AVAILABILITY = YES_AGGRESSIVE;
				CLANG_WARN_UNREACHABLE_CODE = YES;
				CLANG_WARN__DUPLICATE_METHOD_MATCH = YES;
				COPY_PHASE_STRIP = NO;
				DEBUG_INFORMATION_FORMAT = dwarf;
				ENABLE_STRICT_OBJC_MSGSEND = YES;
				ENABLE_TESTABILITY = YES;
				GCC_C_LANGUAGE_STANDARD = gnu11;
				GCC_DYNAMIC_NO_PIC = NO;
				GCC_NO_COMMON_BLOCKS = YES;
				GCC_OPTIMIZATION_LEVEL = 0;
				GCC_PREPROCESSOR_DEFINITIONS = (
					"DEBUG=1",
					"$(inherited)",
				);
				GCC_WARN_64_TO_32_BIT_CONVERSION = YES;
				GCC_WARN_ABOUT_RETURN_TYPE = YES_ERROR;
				GCC_WARN_UNDECLARED_SELECTOR = YES;
				GCC_WARN_UNINITIALIZED_AUTOS = YES_AGGRESSIVE;
				GCC_WARN_UNUSED_FUNCTION = YES;
				GCC_WARN_UNUSED_VARIABLE = YES;
				IPHONEOS_DEPLOYMENT_TARGET = 15.5;
				MTL_ENABLE_DEBUG_INFO = INCLUDE_SOURCE;
				MTL_FAST_MATH = YES;
				ONLY_ACTIVE_ARCH = YES;
				SDKROOT = iphoneos;
				SWIFT_ACTIVE_COMPILATION_CONDITIONS = DEBUG;
				SWIFT_OPTIMIZATION_LEVEL = "-Onone";
			};
			name = Debug;
		};
		DE034B4828B074B7006289D2 /* Release */ = {
			isa = XCBuildConfiguration;
			buildSettings = {
				ALWAYS_SEARCH_USER_PATHS = NO;
				CLANG_ANALYZER_NONNULL = YES;
				CLANG_ANALYZER_NUMBER_OBJECT_CONVERSION = YES_AGGRESSIVE;
				CLANG_CXX_LANGUAGE_STANDARD = "gnu++17";
				CLANG_ENABLE_MODULES = YES;
				CLANG_ENABLE_OBJC_ARC = YES;
				CLANG_ENABLE_OBJC_WEAK = YES;
				CLANG_WARN_BLOCK_CAPTURE_AUTORELEASING = YES;
				CLANG_WARN_BOOL_CONVERSION = YES;
				CLANG_WARN_COMMA = YES;
				CLANG_WARN_CONSTANT_CONVERSION = YES;
				CLANG_WARN_DEPRECATED_OBJC_IMPLEMENTATIONS = YES;
				CLANG_WARN_DIRECT_OBJC_ISA_USAGE = YES_ERROR;
				CLANG_WARN_DOCUMENTATION_COMMENTS = YES;
				CLANG_WARN_EMPTY_BODY = YES;
				CLANG_WARN_ENUM_CONVERSION = YES;
				CLANG_WARN_INFINITE_RECURSION = YES;
				CLANG_WARN_INT_CONVERSION = YES;
				CLANG_WARN_NON_LITERAL_NULL_CONVERSION = YES;
				CLANG_WARN_OBJC_IMPLICIT_RETAIN_SELF = YES;
				CLANG_WARN_OBJC_LITERAL_CONVERSION = YES;
				CLANG_WARN_OBJC_ROOT_CLASS = YES_ERROR;
				CLANG_WARN_QUOTED_INCLUDE_IN_FRAMEWORK_HEADER = YES;
				CLANG_WARN_RANGE_LOOP_ANALYSIS = YES;
				CLANG_WARN_STRICT_PROTOTYPES = YES;
				CLANG_WARN_SUSPICIOUS_MOVE = YES;
				CLANG_WARN_UNGUARDED_AVAILABILITY = YES_AGGRESSIVE;
				CLANG_WARN_UNREACHABLE_CODE = YES;
				CLANG_WARN__DUPLICATE_METHOD_MATCH = YES;
				COPY_PHASE_STRIP = NO;
				DEBUG_INFORMATION_FORMAT = "dwarf-with-dsym";
				ENABLE_NS_ASSERTIONS = NO;
				ENABLE_STRICT_OBJC_MSGSEND = YES;
				GCC_C_LANGUAGE_STANDARD = gnu11;
				GCC_NO_COMMON_BLOCKS = YES;
				GCC_WARN_64_TO_32_BIT_CONVERSION = YES;
				GCC_WARN_ABOUT_RETURN_TYPE = YES_ERROR;
				GCC_WARN_UNDECLARED_SELECTOR = YES;
				GCC_WARN_UNINITIALIZED_AUTOS = YES_AGGRESSIVE;
				GCC_WARN_UNUSED_FUNCTION = YES;
				GCC_WARN_UNUSED_VARIABLE = YES;
				IPHONEOS_DEPLOYMENT_TARGET = 15.5;
				MTL_ENABLE_DEBUG_INFO = NO;
				MTL_FAST_MATH = YES;
				SDKROOT = iphoneos;
				SWIFT_COMPILATION_MODE = wholemodule;
				SWIFT_OPTIMIZATION_LEVEL = "-O";
				VALIDATE_PRODUCT = YES;
			};
			name = Release;
		};
		DE034B4A28B074B7006289D2 /* Debug */ = {
			isa = XCBuildConfiguration;
			buildSettings = {
				ASSETCATALOG_COMPILER_APPICON_NAME = AppIcon;
				ASSETCATALOG_COMPILER_GLOBAL_ACCENT_COLOR_NAME = AccentColor;
				CODE_SIGN_STYLE = Automatic;
				CURRENT_PROJECT_VERSION = 1;
				DEVELOPMENT_ASSET_PATHS = "\"yu-shop-catherine/Preview Content\"";
				DEVELOPMENT_TEAM = G4B5B4UZY6;
				ENABLE_PREVIEWS = YES;
				GENERATE_INFOPLIST_FILE = YES;
				INFOPLIST_KEY_UIApplicationSceneManifest_Generation = YES;
				INFOPLIST_KEY_UIApplicationSupportsIndirectInputEvents = YES;
				INFOPLIST_KEY_UILaunchScreen_Generation = YES;
				INFOPLIST_KEY_UISupportedInterfaceOrientations_iPad = "UIInterfaceOrientationPortrait UIInterfaceOrientationPortraitUpsideDown UIInterfaceOrientationLandscapeLeft UIInterfaceOrientationLandscapeRight";
				INFOPLIST_KEY_UISupportedInterfaceOrientations_iPhone = "UIInterfaceOrientationPortrait UIInterfaceOrientationLandscapeLeft UIInterfaceOrientationLandscapeRight";
				LD_RUNPATH_SEARCH_PATHS = (
					"$(inherited)",
					"@executable_path/Frameworks",
				);
				MARKETING_VERSION = 1.0;
				PRODUCT_BUNDLE_IDENTIFIER = "yuyu.yu-shop-catherine";
				PRODUCT_NAME = "Yu Shop";
				SWIFT_EMIT_LOC_STRINGS = YES;
				SWIFT_VERSION = 5.0;
				TARGETED_DEVICE_FAMILY = "1,2";
			};
			name = Debug;
		};
		DE034B4B28B074B7006289D2 /* Release */ = {
			isa = XCBuildConfiguration;
			buildSettings = {
				ASSETCATALOG_COMPILER_APPICON_NAME = AppIcon;
				ASSETCATALOG_COMPILER_GLOBAL_ACCENT_COLOR_NAME = AccentColor;
				CODE_SIGN_STYLE = Automatic;
				CURRENT_PROJECT_VERSION = 1;
				DEVELOPMENT_ASSET_PATHS = "\"yu-shop-catherine/Preview Content\"";
				DEVELOPMENT_TEAM = G4B5B4UZY6;
				ENABLE_PREVIEWS = YES;
				GENERATE_INFOPLIST_FILE = YES;
				INFOPLIST_KEY_UIApplicationSceneManifest_Generation = YES;
				INFOPLIST_KEY_UIApplicationSupportsIndirectInputEvents = YES;
				INFOPLIST_KEY_UILaunchScreen_Generation = YES;
				INFOPLIST_KEY_UISupportedInterfaceOrientations_iPad = "UIInterfaceOrientationPortrait UIInterfaceOrientationPortraitUpsideDown UIInterfaceOrientationLandscapeLeft UIInterfaceOrientationLandscapeRight";
				INFOPLIST_KEY_UISupportedInterfaceOrientations_iPhone = "UIInterfaceOrientationPortrait UIInterfaceOrientationLandscapeLeft UIInterfaceOrientationLandscapeRight";
				LD_RUNPATH_SEARCH_PATHS = (
					"$(inherited)",
					"@executable_path/Frameworks",
				);
				MARKETING_VERSION = 1.0;
				PRODUCT_BUNDLE_IDENTIFIER = "yuyu.yu-shop-catherine";
				PRODUCT_NAME = "Yu Shop";
				SWIFT_EMIT_LOC_STRINGS = YES;
				SWIFT_VERSION = 5.0;
				TARGETED_DEVICE_FAMILY = "1,2";
			};
			name = Release;
		};
/* End XCBuildConfiguration section */

/* Begin XCConfigurationList section */
		DE034B3628B074B4006289D2 /* Build configuration list for PBXProject "yu-shop-catherine" */ = {
			isa = XCConfigurationList;
			buildConfigurations = (
				DE034B4728B074B7006289D2 /* Debug */,
				DE034B4828B074B7006289D2 /* Release */,
			);
			defaultConfigurationIsVisible = 0;
			defaultConfigurationName = Release;
		};
		DE034B4928B074B7006289D2 /* Build configuration list for PBXNativeTarget "yu-shop-catherine" */ = {
			isa = XCConfigurationList;
			buildConfigurations = (
				DE034B4A28B074B7006289D2 /* Debug */,
				DE034B4B28B074B7006289D2 /* Release */,
			);
			defaultConfigurationIsVisible = 0;
			defaultConfigurationName = Release;
		};
/* End XCConfigurationList section */
	};
	rootObject = DE034B3328B074B4006289D2 /* Project object */;
}
