// !$*UTF8*$!
{
	archiveVersion = 1;
	classes = {
	};
	objectVersion = 55;
	objects = {

/* Begin PBXBuildFile section */
		DE034B4128B074B4006289D2 /* MainView.swift in Sources */ = {isa = PBXBuildFile; fileRef = DE034B4028B074B4006289D2 /* MainView.swift */; };
		DE034B4328B074B7006289D2 /* Assets.xcassets in Resources */ = {isa = PBXBuildFile; fileRef = DE034B4228B074B7006289D2 /* Assets.xcassets */; };
		DE034B4628B074B7006289D2 /* Preview Assets.xcassets in Resources */ = {isa = PBXBuildFile; fileRef = DE034B4528B074B7006289D2 /* Preview Assets.xcassets */; };
		DE33BB6828D6E0670032B150 /* OnboardingModalTextView.swift in Sources */ = {isa = PBXBuildFile; fileRef = DE33BB6728D6E0670032B150 /* OnboardingModalTextView.swift */; };
		DE33BB6C28D6FEF70032B150 /* Bag.swift in Sources */ = {isa = PBXBuildFile; fileRef = DE33BB6B28D6FEF70032B150 /* Bag.swift */; };
		DE38425328BBE93400CF4D7F /* Product.swift in Sources */ = {isa = PBXBuildFile; fileRef = DE38425228BBE93400CF4D7F /* Product.swift */; };
		DE43C40C28DD76400069C214 /* ProductCard.swift in Sources */ = {isa = PBXBuildFile; fileRef = DE43C40B28DD76400069C214 /* ProductCard.swift */; };
		DE488DB328D3FF4C00228835 /* WelcomeTextView.swift in Sources */ = {isa = PBXBuildFile; fileRef = DE488DB228D3FF4C00228835 /* WelcomeTextView.swift */; };
		DE5B5A3A28D6CDF600F87EE6 /* ProductDetailView.swift in Sources */ = {isa = PBXBuildFile; fileRef = DE5B5A3928D6CDF600F87EE6 /* ProductDetailView.swift */; };
		DE713A5228B2728500F9E179 /* OnboardingModalView.swift in Sources */ = {isa = PBXBuildFile; fileRef = DE713A5128B2728500F9E179 /* OnboardingModalView.swift */; };
		DE7AB1FE28D263CE002C4FC7 /* BagView.swift in Sources */ = {isa = PBXBuildFile; fileRef = DE7AB1FD28D263CE002C4FC7 /* BagView.swift */; };
		DE7AB20428D2A86A002C4FC7 /* WelcomeView.swift in Sources */ = {isa = PBXBuildFile; fileRef = DE7AB20328D2A86A002C4FC7 /* WelcomeView.swift */; };
		DE7D2CC829053DFA005E8DBE /* YourShopUITests.swift in Sources */ = {isa = PBXBuildFile; fileRef = DE7D2CC729053DFA005E8DBE /* YourShopUITests.swift */; };
		DE7D2CCA29053DFA005E8DBE /* YourShopUITestsLaunchTests.swift in Sources */ = {isa = PBXBuildFile; fileRef = DE7D2CC929053DFA005E8DBE /* YourShopUITestsLaunchTests.swift */; };
		DE839B2F29056256009B0340 /* BagListView.swift in Sources */ = {isa = PBXBuildFile; fileRef = DE839B2E29056256009B0340 /* BagListView.swift */; };
		DE9FD9B229050D6300EC5D10 /* products.json in Resources */ = {isa = PBXBuildFile; fileRef = DE9FD9B129050D6300EC5D10 /* products.json */; };
		DEC954CD28FAB36F0046E58A /* ProductFetcher.swift in Sources */ = {isa = PBXBuildFile; fileRef = DEC954CC28FAB36F0046E58A /* ProductFetcher.swift */; };
		DECE3CA528C632120061E59D /* Discounts.swift in Sources */ = {isa = PBXBuildFile; fileRef = DECE3CA428C632120061E59D /* Discounts.swift */; };
		DED83CBA28F23255005275D4 /* SplashScreenView.swift in Sources */ = {isa = PBXBuildFile; fileRef = DED83CB928F23255005275D4 /* SplashScreenView.swift */; };
		DEE35B6429043F4800D5CD0F /* YourShopApp.swift in Sources */ = {isa = PBXBuildFile; fileRef = DE034B3E28B074B4006289D2 /* YourShopApp.swift */; };
		DEE35B6C2904434300D5CD0F /* YourShopTests.swift in Sources */ = {isa = PBXBuildFile; fileRef = DEE35B6B2904434300D5CD0F /* YourShopTests.swift */; };
		DEE35B742904441F00D5CD0F /* ViewInspector in Frameworks */ = {isa = PBXBuildFile; productRef = DEE35B732904441F00D5CD0F /* ViewInspector */; };
		DEE59BF628B3AB930095CDFE /* Constants.swift in Sources */ = {isa = PBXBuildFile; fileRef = DEE59BF528B3AB930095CDFE /* Constants.swift */; };
		DEE754EC28CAEF1D00055345 /* ProductListView.swift in Sources */ = {isa = PBXBuildFile; fileRef = DEE754EB28CAEF1D00055345 /* ProductListView.swift */; };
		DEF1AC8428F3D66300122DC7 /* LoadingAPIImageView.swift in Sources */ = {isa = PBXBuildFile; fileRef = DEF1AC8328F3D66300122DC7 /* LoadingAPIImageView.swift */; };
/* End PBXBuildFile section */

/* Begin PBXContainerItemProxy section */
		DE7D2CCB29053DFA005E8DBE /* PBXContainerItemProxy */ = {
			isa = PBXContainerItemProxy;
			containerPortal = DE034B3328B074B4006289D2 /* Project object */;
			proxyType = 1;
			remoteGlobalIDString = DE034B3A28B074B4006289D2;
			remoteInfo = YourShop;
		};
		DEE35B6D2904434300D5CD0F /* PBXContainerItemProxy */ = {
			isa = PBXContainerItemProxy;
			containerPortal = DE034B3328B074B4006289D2 /* Project object */;
			proxyType = 1;
			remoteGlobalIDString = DE034B3A28B074B4006289D2;
			remoteInfo = YourShop;
		};
/* End PBXContainerItemProxy section */

/* Begin PBXFileReference section */
		DE034B3B28B074B4006289D2 /* YourShop.app */ = {isa = PBXFileReference; explicitFileType = wrapper.application; includeInIndex = 0; path = YourShop.app; sourceTree = BUILT_PRODUCTS_DIR; };
		DE034B3E28B074B4006289D2 /* YourShopApp.swift */ = {isa = PBXFileReference; lastKnownFileType = sourcecode.swift; path = YourShopApp.swift; sourceTree = "<group>"; };
		DE034B4028B074B4006289D2 /* MainView.swift */ = {isa = PBXFileReference; lastKnownFileType = sourcecode.swift; path = MainView.swift; sourceTree = "<group>"; };
		DE034B4228B074B7006289D2 /* Assets.xcassets */ = {isa = PBXFileReference; lastKnownFileType = folder.assetcatalog; path = Assets.xcassets; sourceTree = "<group>"; };
		DE034B4528B074B7006289D2 /* Preview Assets.xcassets */ = {isa = PBXFileReference; lastKnownFileType = folder.assetcatalog; path = "Preview Assets.xcassets"; sourceTree = "<group>"; };
		DE33BB6728D6E0670032B150 /* OnboardingModalTextView.swift */ = {isa = PBXFileReference; lastKnownFileType = sourcecode.swift; path = OnboardingModalTextView.swift; sourceTree = "<group>"; };
		DE33BB6B28D6FEF70032B150 /* Bag.swift */ = {isa = PBXFileReference; lastKnownFileType = sourcecode.swift; path = Bag.swift; sourceTree = "<group>"; };
		DE38425228BBE93400CF4D7F /* Product.swift */ = {isa = PBXFileReference; lastKnownFileType = sourcecode.swift; path = Product.swift; sourceTree = "<group>"; };
		DE43C40B28DD76400069C214 /* ProductCard.swift */ = {isa = PBXFileReference; lastKnownFileType = sourcecode.swift; path = ProductCard.swift; sourceTree = "<group>"; };
		DE488DB228D3FF4C00228835 /* WelcomeTextView.swift */ = {isa = PBXFileReference; lastKnownFileType = sourcecode.swift; path = WelcomeTextView.swift; sourceTree = "<group>"; };
		DE5B5A3928D6CDF600F87EE6 /* ProductDetailView.swift */ = {isa = PBXFileReference; lastKnownFileType = sourcecode.swift; path = ProductDetailView.swift; sourceTree = "<group>"; };
		DE713A5128B2728500F9E179 /* OnboardingModalView.swift */ = {isa = PBXFileReference; lastKnownFileType = sourcecode.swift; path = OnboardingModalView.swift; sourceTree = "<group>"; };
		DE7AB1FD28D263CE002C4FC7 /* BagView.swift */ = {isa = PBXFileReference; lastKnownFileType = sourcecode.swift; path = BagView.swift; sourceTree = "<group>"; };
		DE7AB20328D2A86A002C4FC7 /* WelcomeView.swift */ = {isa = PBXFileReference; lastKnownFileType = sourcecode.swift; path = WelcomeView.swift; sourceTree = "<group>"; };
		DE7D2CC529053DFA005E8DBE /* YourShopUITests.xctest */ = {isa = PBXFileReference; explicitFileType = wrapper.cfbundle; includeInIndex = 0; path = YourShopUITests.xctest; sourceTree = BUILT_PRODUCTS_DIR; };
		DE7D2CC729053DFA005E8DBE /* YourShopUITests.swift */ = {isa = PBXFileReference; lastKnownFileType = sourcecode.swift; path = YourShopUITests.swift; sourceTree = "<group>"; };
		DE7D2CC929053DFA005E8DBE /* YourShopUITestsLaunchTests.swift */ = {isa = PBXFileReference; lastKnownFileType = sourcecode.swift; path = YourShopUITestsLaunchTests.swift; sourceTree = "<group>"; };
		DE839B2E29056256009B0340 /* BagListView.swift */ = {isa = PBXFileReference; lastKnownFileType = sourcecode.swift; path = BagListView.swift; sourceTree = "<group>"; };
		DE9FD9B129050D6300EC5D10 /* products.json */ = {isa = PBXFileReference; fileEncoding = 4; lastKnownFileType = text.json; name = products.json; path = ../../../../Downloads/products.json; sourceTree = "<group>"; };
		DEC954CC28FAB36F0046E58A /* ProductFetcher.swift */ = {isa = PBXFileReference; lastKnownFileType = sourcecode.swift; path = ProductFetcher.swift; sourceTree = "<group>"; };
		DECE3CA428C632120061E59D /* Discounts.swift */ = {isa = PBXFileReference; lastKnownFileType = sourcecode.swift; path = Discounts.swift; sourceTree = "<group>"; };
		DED5161628F38EFD00C1CB85 /* Info.plist */ = {isa = PBXFileReference; lastKnownFileType = text.plist; path = Info.plist; sourceTree = "<group>"; };
		DED83CB928F23255005275D4 /* SplashScreenView.swift */ = {isa = PBXFileReference; lastKnownFileType = sourcecode.swift; path = SplashScreenView.swift; sourceTree = "<group>"; };
		DEE35B692904434300D5CD0F /* YourShopTests.xctest */ = {isa = PBXFileReference; explicitFileType = wrapper.cfbundle; includeInIndex = 0; path = YourShopTests.xctest; sourceTree = BUILT_PRODUCTS_DIR; };
		DEE35B6B2904434300D5CD0F /* YourShopTests.swift */ = {isa = PBXFileReference; lastKnownFileType = sourcecode.swift; path = YourShopTests.swift; sourceTree = "<group>"; };
		DEE59BF528B3AB930095CDFE /* Constants.swift */ = {isa = PBXFileReference; lastKnownFileType = sourcecode.swift; path = Constants.swift; sourceTree = "<group>"; };
		DEE754EB28CAEF1D00055345 /* ProductListView.swift */ = {isa = PBXFileReference; lastKnownFileType = sourcecode.swift; path = ProductListView.swift; sourceTree = "<group>"; };
		DEF1AC8328F3D66300122DC7 /* LoadingAPIImageView.swift */ = {isa = PBXFileReference; lastKnownFileType = sourcecode.swift; path = LoadingAPIImageView.swift; sourceTree = "<group>"; };
/* End PBXFileReference section */

/* Begin PBXFrameworksBuildPhase section */
		DE034B3828B074B4006289D2 /* Frameworks */ = {
			isa = PBXFrameworksBuildPhase;
			buildActionMask = 2147483647;
			files = (
			);
			runOnlyForDeploymentPostprocessing = 0;
		};
		DE7D2CC229053DFA005E8DBE /* Frameworks */ = {
			isa = PBXFrameworksBuildPhase;
			buildActionMask = 2147483647;
			files = (
			);
			runOnlyForDeploymentPostprocessing = 0;
		};
		DEE35B662904434300D5CD0F /* Frameworks */ = {
			isa = PBXFrameworksBuildPhase;
			buildActionMask = 2147483647;
			files = (
				DEE35B742904441F00D5CD0F /* ViewInspector in Frameworks */,
			);
			runOnlyForDeploymentPostprocessing = 0;
		};
/* End PBXFrameworksBuildPhase section */

/* Begin PBXGroup section */
		DE034B3228B074B4006289D2 = {
			isa = PBXGroup;
			children = (
				DE034B3D28B074B4006289D2 /* YourShop */,
				DE7D2CD029053E92005E8DBE /* Tests */,
				DE034B3C28B074B4006289D2 /* Products */,
			);
			sourceTree = "<group>";
		};
		DE034B3C28B074B4006289D2 /* Products */ = {
			isa = PBXGroup;
			children = (
				DE034B3B28B074B4006289D2 /* YourShop.app */,
				DEE35B692904434300D5CD0F /* YourShopTests.xctest */,
				DE7D2CC529053DFA005E8DBE /* YourShopUITests.xctest */,
			);
			name = Products;
			sourceTree = "<group>";
		};
		DE034B3D28B074B4006289D2 /* YourShop */ = {
			isa = PBXGroup;
			children = (
				DE9FD9B129050D6300EC5D10 /* products.json */,
				DE034B4228B074B7006289D2 /* Assets.xcassets */,
				DED5161628F38EFD00C1CB85 /* Info.plist */,
				DEEB219928BBFAAE00B401B1 /* Views */,
				DEEB219828BBFA9800B401B1 /* Models */,
				DEC954CB28FAB2A10046E58A /* Networking */,
				DE034B4428B074B7006289D2 /* Preview Content */,
			);
			path = YourShop;
			sourceTree = "<group>";
		};
		DE034B4428B074B7006289D2 /* Preview Content */ = {
			isa = PBXGroup;
			children = (
				DE034B4528B074B7006289D2 /* Preview Assets.xcassets */,
			);
			path = "Preview Content";
			sourceTree = "<group>";
		};
		DE33BB6628D6E0440032B150 /* OnboardingModal */ = {
			isa = PBXGroup;
			children = (
				DE713A5128B2728500F9E179 /* OnboardingModalView.swift */,
				DE33BB6728D6E0670032B150 /* OnboardingModalTextView.swift */,
			);
			path = OnboardingModal;
			sourceTree = "<group>";
		};
		DE488DAF28D3FD1000228835 /* Welcome */ = {
			isa = PBXGroup;
			children = (
				DE7AB20328D2A86A002C4FC7 /* WelcomeView.swift */,
				DE488DB228D3FF4C00228835 /* WelcomeTextView.swift */,
			);
			path = Welcome;
			sourceTree = "<group>";
		};
		DE7AB20628D2AD6A002C4FC7 /* Bag */ = {
			isa = PBXGroup;
			children = (
				DE7AB1FD28D263CE002C4FC7 /* BagView.swift */,
				DE839B2E29056256009B0340 /* BagListView.swift */,
			);
			path = Bag;
			sourceTree = "<group>";
		};
		DE7AB20728D2AD71002C4FC7 /* Products */ = {
			isa = PBXGroup;
			children = (
				DEE754EB28CAEF1D00055345 /* ProductListView.swift */,
				DE5B5A3928D6CDF600F87EE6 /* ProductDetailView.swift */,
				DE43C40B28DD76400069C214 /* ProductCard.swift */,
			);
			path = Products;
			sourceTree = "<group>";
		};
		DE7D2CC629053DFA005E8DBE /* YourShopUITests */ = {
			isa = PBXGroup;
			children = (
				DE7D2CC729053DFA005E8DBE /* YourShopUITests.swift */,
				DE7D2CC929053DFA005E8DBE /* YourShopUITestsLaunchTests.swift */,
			);
			path = YourShopUITests;
			sourceTree = "<group>";
		};
		DE7D2CD029053E92005E8DBE /* Tests */ = {
			isa = PBXGroup;
			children = (
				DE7D2CC629053DFA005E8DBE /* YourShopUITests */,
				DEE35B6A2904434300D5CD0F /* YourShopTests */,
			);
			path = Tests;
			sourceTree = "<group>";
		};
		DEC954CB28FAB2A10046E58A /* Networking */ = {
			isa = PBXGroup;
			children = (
				DEC954CC28FAB36F0046E58A /* ProductFetcher.swift */,
			);
			path = Networking;
			sourceTree = "<group>";
		};
		DEE35B6A2904434300D5CD0F /* YourShopTests */ = {
			isa = PBXGroup;
			children = (
				DEE35B6B2904434300D5CD0F /* YourShopTests.swift */,
			);
			path = YourShopTests;
			sourceTree = "<group>";
		};
		DEEB219828BBFA9800B401B1 /* Models */ = {
			isa = PBXGroup;
			children = (
				DE38425228BBE93400CF4D7F /* Product.swift */,
				DEE59BF528B3AB930095CDFE /* Constants.swift */,
				DECE3CA428C632120061E59D /* Discounts.swift */,
				DE33BB6B28D6FEF70032B150 /* Bag.swift */,
			);
			path = Models;
			sourceTree = "<group>";
		};
		DEEB219928BBFAAE00B401B1 /* Views */ = {
			isa = PBXGroup;
			children = (
				DE034B3E28B074B4006289D2 /* YourShopApp.swift */,
				DE034B4028B074B4006289D2 /* MainView.swift */,
				DEF1AC8228F3D64C00122DC7 /* Animations */,
				DE33BB6628D6E0440032B150 /* OnboardingModal */,
				DE488DAF28D3FD1000228835 /* Welcome */,
				DE7AB20728D2AD71002C4FC7 /* Products */,
				DE7AB20628D2AD6A002C4FC7 /* Bag */,
			);
			path = Views;
			sourceTree = "<group>";
		};
		DEF1AC8228F3D64C00122DC7 /* Animations */ = {
			isa = PBXGroup;
			children = (
				DED83CB928F23255005275D4 /* SplashScreenView.swift */,
				DEF1AC8328F3D66300122DC7 /* LoadingAPIImageView.swift */,
			);
			path = Animations;
			sourceTree = "<group>";
		};
/* End PBXGroup section */

/* Begin PBXNativeTarget section */
		DE034B3A28B074B4006289D2 /* YourShop */ = {
			isa = PBXNativeTarget;
			buildConfigurationList = DE034B4928B074B7006289D2 /* Build configuration list for PBXNativeTarget "YourShop" */;
			buildPhases = (
				DE034B3728B074B4006289D2 /* Sources */,
				DE034B3828B074B4006289D2 /* Frameworks */,
				DE034B3928B074B4006289D2 /* Resources */,
			);
			buildRules = (
			);
			dependencies = (
			);
			name = YourShop;
			productName = "yu-shop-catherine";
			productReference = DE034B3B28B074B4006289D2 /* YourShop.app */;
			productType = "com.apple.product-type.application";
		};
		DE7D2CC429053DFA005E8DBE /* YourShopUITests */ = {
			isa = PBXNativeTarget;
			buildConfigurationList = DE7D2CCD29053DFA005E8DBE /* Build configuration list for PBXNativeTarget "YourShopUITests" */;
			buildPhases = (
				DE7D2CC129053DFA005E8DBE /* Sources */,
				DE7D2CC229053DFA005E8DBE /* Frameworks */,
				DE7D2CC329053DFA005E8DBE /* Resources */,
			);
			buildRules = (
			);
			dependencies = (
				DE7D2CCC29053DFA005E8DBE /* PBXTargetDependency */,
			);
			name = YourShopUITests;
			productName = YourShopUITests;
			productReference = DE7D2CC529053DFA005E8DBE /* YourShopUITests.xctest */;
			productType = "com.apple.product-type.bundle.ui-testing";
		};
		DEE35B682904434300D5CD0F /* YourShopTests */ = {
			isa = PBXNativeTarget;
			buildConfigurationList = DEE35B6F2904434300D5CD0F /* Build configuration list for PBXNativeTarget "YourShopTests" */;
			buildPhases = (
				DEE35B652904434300D5CD0F /* Sources */,
				DEE35B662904434300D5CD0F /* Frameworks */,
				DEE35B672904434300D5CD0F /* Resources */,
			);
			buildRules = (
			);
			dependencies = (
				DEE35B6E2904434300D5CD0F /* PBXTargetDependency */,
			);
			name = YourShopTests;
			packageProductDependencies = (
				DEE35B732904441F00D5CD0F /* ViewInspector */,
			);
			productName = YourShopTests;
			productReference = DEE35B692904434300D5CD0F /* YourShopTests.xctest */;
			productType = "com.apple.product-type.bundle.unit-test";
		};
/* End PBXNativeTarget section */

/* Begin PBXProject section */
		DE034B3328B074B4006289D2 /* Project object */ = {
			isa = PBXProject;
			attributes = {
				BuildIndependentTargetsInParallel = 1;
				LastSwiftUpdateCheck = 1400;
				LastUpgradeCheck = 1340;
				TargetAttributes = {
					DE034B3A28B074B4006289D2 = {
						CreatedOnToolsVersion = 13.4.1;
					};
					DE7D2CC429053DFA005E8DBE = {
						CreatedOnToolsVersion = 14.0;
						TestTargetID = DE034B3A28B074B4006289D2;
					};
					DEE35B682904434300D5CD0F = {
						CreatedOnToolsVersion = 14.0;
						TestTargetID = DE034B3A28B074B4006289D2;
					};
				};
			};
			buildConfigurationList = DE034B3628B074B4006289D2 /* Build configuration list for PBXProject "YourShop" */;
			compatibilityVersion = "Xcode 13.0";
			developmentRegion = en;
			hasScannedForEncodings = 0;
			knownRegions = (
				en,
				Base,
			);
			mainGroup = DE034B3228B074B4006289D2;
			packageReferences = (
				DEE35B722904441F00D5CD0F /* XCRemoteSwiftPackageReference "ViewInspector" */,
			);
			productRefGroup = DE034B3C28B074B4006289D2 /* Products */;
			projectDirPath = "";
			projectRoot = "";
			targets = (
				DE034B3A28B074B4006289D2 /* YourShop */,
				DEE35B682904434300D5CD0F /* YourShopTests */,
				DE7D2CC429053DFA005E8DBE /* YourShopUITests */,
			);
		};
/* End PBXProject section */

/* Begin PBXResourcesBuildPhase section */
		DE034B3928B074B4006289D2 /* Resources */ = {
			isa = PBXResourcesBuildPhase;
			buildActionMask = 2147483647;
			files = (
				DE9FD9B229050D6300EC5D10 /* products.json in Resources */,
				DE034B4628B074B7006289D2 /* Preview Assets.xcassets in Resources */,
				DE034B4328B074B7006289D2 /* Assets.xcassets in Resources */,
			);
			runOnlyForDeploymentPostprocessing = 0;
		};
		DE7D2CC329053DFA005E8DBE /* Resources */ = {
			isa = PBXResourcesBuildPhase;
			buildActionMask = 2147483647;
			files = (
			);
			runOnlyForDeploymentPostprocessing = 0;
		};
		DEE35B672904434300D5CD0F /* Resources */ = {
			isa = PBXResourcesBuildPhase;
			buildActionMask = 2147483647;
			files = (
			);
			runOnlyForDeploymentPostprocessing = 0;
		};
/* End PBXResourcesBuildPhase section */

/* Begin PBXSourcesBuildPhase section */
		DE034B3728B074B4006289D2 /* Sources */ = {
			isa = PBXSourcesBuildPhase;
			buildActionMask = 2147483647;
			files = (
				DE713A5228B2728500F9E179 /* OnboardingModalView.swift in Sources */,
				DE5B5A3A28D6CDF600F87EE6 /* ProductDetailView.swift in Sources */,
				DE7AB1FE28D263CE002C4FC7 /* BagView.swift in Sources */,
				DE839B2F29056256009B0340 /* BagListView.swift in Sources */,
				DECE3CA528C632120061E59D /* Discounts.swift in Sources */,
				DE034B4128B074B4006289D2 /* MainView.swift in Sources */,
				DEE35B6429043F4800D5CD0F /* YourShopApp.swift in Sources */,
				DEF1AC8428F3D66300122DC7 /* LoadingAPIImageView.swift in Sources */,
				DED83CBA28F23255005275D4 /* SplashScreenView.swift in Sources */,
				DE33BB6C28D6FEF70032B150 /* Bag.swift in Sources */,
				DEC954CD28FAB36F0046E58A /* ProductFetcher.swift in Sources */,
				DE488DB328D3FF4C00228835 /* WelcomeTextView.swift in Sources */,
				DE7AB20428D2A86A002C4FC7 /* WelcomeView.swift in Sources */,
				DEE754EC28CAEF1D00055345 /* ProductListView.swift in Sources */,
				DE33BB6828D6E0670032B150 /* OnboardingModalTextView.swift in Sources */,
				DEE59BF628B3AB930095CDFE /* Constants.swift in Sources */,
				DE43C40C28DD76400069C214 /* ProductCard.swift in Sources */,
				DE38425328BBE93400CF4D7F /* Product.swift in Sources */,
			);
			runOnlyForDeploymentPostprocessing = 0;
		};
		DE7D2CC129053DFA005E8DBE /* Sources */ = {
			isa = PBXSourcesBuildPhase;
			buildActionMask = 2147483647;
			files = (
				DE7D2CCA29053DFA005E8DBE /* YourShopUITestsLaunchTests.swift in Sources */,
				DE7D2CC829053DFA005E8DBE /* YourShopUITests.swift in Sources */,
			);
			runOnlyForDeploymentPostprocessing = 0;
		};
		DEE35B652904434300D5CD0F /* Sources */ = {
			isa = PBXSourcesBuildPhase;
			buildActionMask = 2147483647;
			files = (
				DEE35B6C2904434300D5CD0F /* YourShopTests.swift in Sources */,
			);
			runOnlyForDeploymentPostprocessing = 0;
		};
/* End PBXSourcesBuildPhase section */

/* Begin PBXTargetDependency section */
		DE7D2CCC29053DFA005E8DBE /* PBXTargetDependency */ = {
			isa = PBXTargetDependency;
			target = DE034B3A28B074B4006289D2 /* YourShop */;
			targetProxy = DE7D2CCB29053DFA005E8DBE /* PBXContainerItemProxy */;
		};
		DEE35B6E2904434300D5CD0F /* PBXTargetDependency */ = {
			isa = PBXTargetDependency;
			target = DE034B3A28B074B4006289D2 /* YourShop */;
			targetProxy = DEE35B6D2904434300D5CD0F /* PBXContainerItemProxy */;
		};
/* End PBXTargetDependency section */

/* Begin XCBuildConfiguration section */
		DE034B4728B074B7006289D2 /* Debug */ = {
			isa = XCBuildConfiguration;
			buildSettings = {
				ALWAYS_SEARCH_USER_PATHS = NO;
				CLANG_ANALYZER_NONNULL = YES;
				CLANG_ANALYZER_NUMBER_OBJECT_CONVERSION = YES_AGGRESSIVE;
				CLANG_CXX_LANGUAGE_STANDARD = "gnu++17";
				CLANG_ENABLE_MODULES = YES;
				CLANG_ENABLE_OBJC_ARC = YES;
				CLANG_ENABLE_OBJC_WEAK = YES;
				CLANG_WARN_BLOCK_CAPTURE_AUTORELEASING = YES;
				CLANG_WARN_BOOL_CONVERSION = YES;
				CLANG_WARN_COMMA = YES;
				CLANG_WARN_CONSTANT_CONVERSION = YES;
				CLANG_WARN_DEPRECATED_OBJC_IMPLEMENTATIONS = YES;
				CLANG_WARN_DIRECT_OBJC_ISA_USAGE = YES_ERROR;
				CLANG_WARN_DOCUMENTATION_COMMENTS = YES;
				CLANG_WARN_EMPTY_BODY = YES;
				CLANG_WARN_ENUM_CONVERSION = YES;
				CLANG_WARN_INFINITE_RECURSION = YES;
				CLANG_WARN_INT_CONVERSION = YES;
				CLANG_WARN_NON_LITERAL_NULL_CONVERSION = YES;
				CLANG_WARN_OBJC_IMPLICIT_RETAIN_SELF = YES;
				CLANG_WARN_OBJC_LITERAL_CONVERSION = YES;
				CLANG_WARN_OBJC_ROOT_CLASS = YES_ERROR;
				CLANG_WARN_QUOTED_INCLUDE_IN_FRAMEWORK_HEADER = YES;
				CLANG_WARN_RANGE_LOOP_ANALYSIS = YES;
				CLANG_WARN_STRICT_PROTOTYPES = YES;
				CLANG_WARN_SUSPICIOUS_MOVE = YES;
				CLANG_WARN_UNGUARDED_AVAILABILITY = YES_AGGRESSIVE;
				CLANG_WARN_UNREACHABLE_CODE = YES;
				CLANG_WARN__DUPLICATE_METHOD_MATCH = YES;
				COPY_PHASE_STRIP = NO;
				DEBUG_INFORMATION_FORMAT = dwarf;
				ENABLE_STRICT_OBJC_MSGSEND = YES;
				ENABLE_TESTABILITY = YES;
				GCC_C_LANGUAGE_STANDARD = gnu11;
				GCC_DYNAMIC_NO_PIC = NO;
				GCC_NO_COMMON_BLOCKS = YES;
				GCC_OPTIMIZATION_LEVEL = 0;
				GCC_PREPROCESSOR_DEFINITIONS = (
					"DEBUG=1",
					"$(inherited)",
				);
				GCC_WARN_64_TO_32_BIT_CONVERSION = YES;
				GCC_WARN_ABOUT_RETURN_TYPE = YES_ERROR;
				GCC_WARN_UNDECLARED_SELECTOR = YES;
				GCC_WARN_UNINITIALIZED_AUTOS = YES_AGGRESSIVE;
				GCC_WARN_UNUSED_FUNCTION = YES;
				GCC_WARN_UNUSED_VARIABLE = YES;
				IPHONEOS_DEPLOYMENT_TARGET = 15.5;
				MTL_ENABLE_DEBUG_INFO = INCLUDE_SOURCE;
				MTL_FAST_MATH = YES;
				ONLY_ACTIVE_ARCH = YES;
				SDKROOT = iphoneos;
				SWIFT_ACTIVE_COMPILATION_CONDITIONS = DEBUG;
				SWIFT_OPTIMIZATION_LEVEL = "-Onone";
			};
			name = Debug;
		};
		DE034B4828B074B7006289D2 /* Release */ = {
			isa = XCBuildConfiguration;
			buildSettings = {
				ALWAYS_SEARCH_USER_PATHS = NO;
				CLANG_ANALYZER_NONNULL = YES;
				CLANG_ANALYZER_NUMBER_OBJECT_CONVERSION = YES_AGGRESSIVE;
				CLANG_CXX_LANGUAGE_STANDARD = "gnu++17";
				CLANG_ENABLE_MODULES = YES;
				CLANG_ENABLE_OBJC_ARC = YES;
				CLANG_ENABLE_OBJC_WEAK = YES;
				CLANG_WARN_BLOCK_CAPTURE_AUTORELEASING = YES;
				CLANG_WARN_BOOL_CONVERSION = YES;
				CLANG_WARN_COMMA = YES;
				CLANG_WARN_CONSTANT_CONVERSION = YES;
				CLANG_WARN_DEPRECATED_OBJC_IMPLEMENTATIONS = YES;
				CLANG_WARN_DIRECT_OBJC_ISA_USAGE = YES_ERROR;
				CLANG_WARN_DOCUMENTATION_COMMENTS = YES;
				CLANG_WARN_EMPTY_BODY = YES;
				CLANG_WARN_ENUM_CONVERSION = YES;
				CLANG_WARN_INFINITE_RECURSION = YES;
				CLANG_WARN_INT_CONVERSION = YES;
				CLANG_WARN_NON_LITERAL_NULL_CONVERSION = YES;
				CLANG_WARN_OBJC_IMPLICIT_RETAIN_SELF = YES;
				CLANG_WARN_OBJC_LITERAL_CONVERSION = YES;
				CLANG_WARN_OBJC_ROOT_CLASS = YES_ERROR;
				CLANG_WARN_QUOTED_INCLUDE_IN_FRAMEWORK_HEADER = YES;
				CLANG_WARN_RANGE_LOOP_ANALYSIS = YES;
				CLANG_WARN_STRICT_PROTOTYPES = YES;
				CLANG_WARN_SUSPICIOUS_MOVE = YES;
				CLANG_WARN_UNGUARDED_AVAILABILITY = YES_AGGRESSIVE;
				CLANG_WARN_UNREACHABLE_CODE = YES;
				CLANG_WARN__DUPLICATE_METHOD_MATCH = YES;
				COPY_PHASE_STRIP = NO;
				DEBUG_INFORMATION_FORMAT = "dwarf-with-dsym";
				ENABLE_NS_ASSERTIONS = NO;
				ENABLE_STRICT_OBJC_MSGSEND = YES;
				GCC_C_LANGUAGE_STANDARD = gnu11;
				GCC_NO_COMMON_BLOCKS = YES;
				GCC_WARN_64_TO_32_BIT_CONVERSION = YES;
				GCC_WARN_ABOUT_RETURN_TYPE = YES_ERROR;
				GCC_WARN_UNDECLARED_SELECTOR = YES;
				GCC_WARN_UNINITIALIZED_AUTOS = YES_AGGRESSIVE;
				GCC_WARN_UNUSED_FUNCTION = YES;
				GCC_WARN_UNUSED_VARIABLE = YES;
				IPHONEOS_DEPLOYMENT_TARGET = 15.5;
				MTL_ENABLE_DEBUG_INFO = NO;
				MTL_FAST_MATH = YES;
				SDKROOT = iphoneos;
				SWIFT_COMPILATION_MODE = wholemodule;
				SWIFT_OPTIMIZATION_LEVEL = "-O";
				VALIDATE_PRODUCT = YES;
			};
			name = Release;
		};
		DE034B4A28B074B7006289D2 /* Debug */ = {
			isa = XCBuildConfiguration;
			buildSettings = {
				ASSETCATALOG_COMPILER_APPICON_NAME = AppIcon;
				ASSETCATALOG_COMPILER_GLOBAL_ACCENT_COLOR_NAME = AccentColor;
				CODE_SIGN_STYLE = Automatic;
				CURRENT_PROJECT_VERSION = 1;
				DEVELOPMENT_ASSET_PATHS = "\"YourShop/Preview Content\"";
				DEVELOPMENT_TEAM = G4B5B4UZY6;
				ENABLE_PREVIEWS = YES;
				GENERATE_INFOPLIST_FILE = YES;
				INFOPLIST_FILE = YourShop/Info.plist;
				INFOPLIST_KEY_UIApplicationSceneManifest_Generation = YES;
				INFOPLIST_KEY_UIApplicationSupportsIndirectInputEvents = YES;
				INFOPLIST_KEY_UILaunchScreen_Generation = YES;
				INFOPLIST_KEY_UISupportedInterfaceOrientations_iPad = "UIInterfaceOrientationPortrait UIInterfaceOrientationPortraitUpsideDown UIInterfaceOrientationLandscapeLeft UIInterfaceOrientationLandscapeRight";
				INFOPLIST_KEY_UISupportedInterfaceOrientations_iPhone = "UIInterfaceOrientationPortrait UIInterfaceOrientationLandscapeLeft UIInterfaceOrientationLandscapeRight";
				LD_RUNPATH_SEARCH_PATHS = (
					"$(inherited)",
					"@executable_path/Frameworks",
				);
				MARKETING_VERSION = 1.0;
				PRODUCT_BUNDLE_IDENTIFIER = yuyu.YourShop;
				PRODUCT_NAME = YourShop;
				SWIFT_EMIT_LOC_STRINGS = YES;
				SWIFT_VERSION = 5.0;
				TARGETED_DEVICE_FAMILY = "1,2";
			};
			name = Debug;
		};
		DE034B4B28B074B7006289D2 /* Release */ = {
			isa = XCBuildConfiguration;
			buildSettings = {
				ASSETCATALOG_COMPILER_APPICON_NAME = AppIcon;
				ASSETCATALOG_COMPILER_GLOBAL_ACCENT_COLOR_NAME = AccentColor;
				CODE_SIGN_STYLE = Automatic;
				CURRENT_PROJECT_VERSION = 1;
				DEVELOPMENT_ASSET_PATHS = "\"YourShop/Preview Content\"";
				DEVELOPMENT_TEAM = G4B5B4UZY6;
				ENABLE_PREVIEWS = YES;
				GENERATE_INFOPLIST_FILE = YES;
				INFOPLIST_FILE = YourShop/Info.plist;
				INFOPLIST_KEY_UIApplicationSceneManifest_Generation = YES;
				INFOPLIST_KEY_UIApplicationSupportsIndirectInputEvents = YES;
				INFOPLIST_KEY_UILaunchScreen_Generation = YES;
				INFOPLIST_KEY_UISupportedInterfaceOrientations_iPad = "UIInterfaceOrientationPortrait UIInterfaceOrientationPortraitUpsideDown UIInterfaceOrientationLandscapeLeft UIInterfaceOrientationLandscapeRight";
				INFOPLIST_KEY_UISupportedInterfaceOrientations_iPhone = "UIInterfaceOrientationPortrait UIInterfaceOrientationLandscapeLeft UIInterfaceOrientationLandscapeRight";
				LD_RUNPATH_SEARCH_PATHS = (
					"$(inherited)",
					"@executable_path/Frameworks",
				);
				MARKETING_VERSION = 1.0;
				PRODUCT_BUNDLE_IDENTIFIER = yuyu.YourShop;
				PRODUCT_NAME = YourShop;
				SWIFT_EMIT_LOC_STRINGS = YES;
				SWIFT_VERSION = 5.0;
				TARGETED_DEVICE_FAMILY = "1,2";
			};
			name = Release;
		};
		DE7D2CCE29053DFA005E8DBE /* Debug */ = {
			isa = XCBuildConfiguration;
			buildSettings = {
				CLANG_CXX_LANGUAGE_STANDARD = "gnu++20";
				CODE_SIGN_STYLE = Automatic;
				CURRENT_PROJECT_VERSION = 1;
				GENERATE_INFOPLIST_FILE = YES;
				IPHONEOS_DEPLOYMENT_TARGET = 16.0;
				MARKETING_VERSION = 1.0;
				PRODUCT_BUNDLE_IDENTIFIER = yuyu.YourShopUITests;
				PRODUCT_NAME = "$(TARGET_NAME)";
				SWIFT_EMIT_LOC_STRINGS = NO;
				SWIFT_VERSION = 5.0;
				TARGETED_DEVICE_FAMILY = "1,2";
				TEST_TARGET_NAME = YourShop;
			};
			name = Debug;
		};
		DE7D2CCF29053DFA005E8DBE /* Release */ = {
			isa = XCBuildConfiguration;
			buildSettings = {
				CLANG_CXX_LANGUAGE_STANDARD = "gnu++20";
				CODE_SIGN_STYLE = Automatic;
				CURRENT_PROJECT_VERSION = 1;
				GENERATE_INFOPLIST_FILE = YES;
				IPHONEOS_DEPLOYMENT_TARGET = 16.0;
				MARKETING_VERSION = 1.0;
				PRODUCT_BUNDLE_IDENTIFIER = yuyu.YourShopUITests;
				PRODUCT_NAME = "$(TARGET_NAME)";
				SWIFT_EMIT_LOC_STRINGS = NO;
				SWIFT_VERSION = 5.0;
				TARGETED_DEVICE_FAMILY = "1,2";
				TEST_TARGET_NAME = YourShop;
			};
			name = Release;
		};
		DEE35B702904434300D5CD0F /* Debug */ = {
			isa = XCBuildConfiguration;
			buildSettings = {
				BUNDLE_LOADER = "$(TEST_HOST)";
				CLANG_CXX_LANGUAGE_STANDARD = "gnu++20";
				CODE_SIGN_STYLE = Automatic;
				CURRENT_PROJECT_VERSION = 1;
				GENERATE_INFOPLIST_FILE = YES;
				IPHONEOS_DEPLOYMENT_TARGET = 16.0;
				MARKETING_VERSION = 1.0;
				PRODUCT_BUNDLE_IDENTIFIER = yuyu.YourShopTests;
				PRODUCT_NAME = "$(TARGET_NAME)";
				SWIFT_EMIT_LOC_STRINGS = NO;
				SWIFT_VERSION = 5.0;
				TARGETED_DEVICE_FAMILY = "1,2";
				TEST_HOST = "$(BUILT_PRODUCTS_DIR)/Yu Shop.app/$(BUNDLE_EXECUTABLE_FOLDER_PATH)/Yu Shop";
			};
			name = Debug;
		};
		DEE35B712904434300D5CD0F /* Release */ = {
			isa = XCBuildConfiguration;
			buildSettings = {
				BUNDLE_LOADER = "$(TEST_HOST)";
				CLANG_CXX_LANGUAGE_STANDARD = "gnu++20";
				CODE_SIGN_STYLE = Automatic;
				CURRENT_PROJECT_VERSION = 1;
				GENERATE_INFOPLIST_FILE = YES;
				IPHONEOS_DEPLOYMENT_TARGET = 16.0;
				MARKETING_VERSION = 1.0;
				PRODUCT_BUNDLE_IDENTIFIER = yuyu.YourShopTests;
				PRODUCT_NAME = "$(TARGET_NAME)";
				SWIFT_EMIT_LOC_STRINGS = NO;
				SWIFT_VERSION = 5.0;
				TARGETED_DEVICE_FAMILY = "1,2";
				TEST_HOST = "$(BUILT_PRODUCTS_DIR)/Yu Shop.app/$(BUNDLE_EXECUTABLE_FOLDER_PATH)/Yu Shop";
			};
			name = Release;
		};
/* End XCBuildConfiguration section */

/* Begin XCConfigurationList section */
		DE034B3628B074B4006289D2 /* Build configuration list for PBXProject "YourShop" */ = {
			isa = XCConfigurationList;
			buildConfigurations = (
				DE034B4728B074B7006289D2 /* Debug */,
				DE034B4828B074B7006289D2 /* Release */,
			);
			defaultConfigurationIsVisible = 0;
			defaultConfigurationName = Release;
		};
		DE034B4928B074B7006289D2 /* Build configuration list for PBXNativeTarget "YourShop" */ = {
			isa = XCConfigurationList;
			buildConfigurations = (
				DE034B4A28B074B7006289D2 /* Debug */,
				DE034B4B28B074B7006289D2 /* Release */,
			);
			defaultConfigurationIsVisible = 0;
			defaultConfigurationName = Release;
		};
		DE7D2CCD29053DFA005E8DBE /* Build configuration list for PBXNativeTarget "YourShopUITests" */ = {
			isa = XCConfigurationList;
			buildConfigurations = (
				DE7D2CCE29053DFA005E8DBE /* Debug */,
				DE7D2CCF29053DFA005E8DBE /* Release */,
			);
			defaultConfigurationIsVisible = 0;
			defaultConfigurationName = Release;
		};
		DEE35B6F2904434300D5CD0F /* Build configuration list for PBXNativeTarget "YourShopTests" */ = {
			isa = XCConfigurationList;
			buildConfigurations = (
				DEE35B702904434300D5CD0F /* Debug */,
				DEE35B712904434300D5CD0F /* Release */,
			);
			defaultConfigurationIsVisible = 0;
			defaultConfigurationName = Release;
		};
/* End XCConfigurationList section */

/* Begin XCRemoteSwiftPackageReference section */
		DEE35B722904441F00D5CD0F /* XCRemoteSwiftPackageReference "ViewInspector" */ = {
			isa = XCRemoteSwiftPackageReference;
			repositoryURL = "https://github.com/nalexn/ViewInspector";
			requirement = {
				kind = exactVersion;
				version = 0.9.1;
			};
		};
/* End XCRemoteSwiftPackageReference section */

/* Begin XCSwiftPackageProductDependency section */
		DEE35B732904441F00D5CD0F /* ViewInspector */ = {
			isa = XCSwiftPackageProductDependency;
			package = DEE35B722904441F00D5CD0F /* XCRemoteSwiftPackageReference "ViewInspector" */;
			productName = ViewInspector;
		};
/* End XCSwiftPackageProductDependency section */
	};
	rootObject = DE034B3328B074B4006289D2 /* Project object */;
}
